
Microsoft Visual Studio Solution File, Format Version 12.00
Project("{FAE04EC0-301F-11D3-BF4B-00C04F79EFBC}") = "TuringLikePatterns", "TuringLikePatterns/TuringLikePatterns.csproj", "{DEA0B04F-BD87-46DE-8870-606A03992B24}"
EndProject
Project("{FAE04EC0-301F-11D3-BF4B-00C04F79EFBC}") = "TuringLikePatterns.GameOfLife", "TuringLikePatterns.GameOfLife\TuringLikePatterns.GameOfLife.csproj", "{2CA3D7BD-795E-48E0-96DE-B102C6069845}"
EndProject
Project("{FAE04EC0-301F-11D3-BF4B-00C04F79EFBC}") = "TuringLikePatterns.Core", "TuringLikePatterns.Core\TuringLikePatterns.Core.csproj", "{687302AA-552D-421D-9C77-E1639B6B037D}"
EndProject
Project("{FAE04EC0-301F-11D3-BF4B-00C04F79EFBC}") = "TuringLikePatterns.Chemistry", "TuringLikePatterns.Chemistry\TuringLikePatterns.Chemistry.csproj", "{826A7A3D-0FB2-4FD4-A60B-3F04678D334F}"
EndProject
Project("{FAE04EC0-301F-11D3-BF4B-00C04F79EFBC}") = "TuringLikePatterns.API", "TuringLikePatterns.API\TuringLikePatterns.API.csproj", "{D3F4FA77-E0ED-4798-B43A-A0493AC6F8DE}"
EndProject
Global
	GlobalSection(SolutionConfigurationPlatforms) = preSolution
		Debug|Any CPU = Debug|Any CPU
		Release|Any CPU = Release|Any CPU
	EndGlobalSection
	GlobalSection(ProjectConfigurationPlatforms) = postSolution
		{DEA0B04F-BD87-46DE-8870-606A03992B24}.Debug|Any CPU.ActiveCfg = Debug|Any CPU
		{DEA0B04F-BD87-46DE-8870-606A03992B24}.Debug|Any CPU.Build.0 = Debug|Any CPU
		{DEA0B04F-BD87-46DE-8870-606A03992B24}.Release|Any CPU.ActiveCfg = Release|Any CPU
		{DEA0B04F-BD87-46DE-8870-606A03992B24}.Release|Any CPU.Build.0 = Release|Any CPU
		{2CA3D7BD-795E-48E0-96DE-B102C6069845}.Debug|Any CPU.ActiveCfg = Debug|Any CPU
		{2CA3D7BD-795E-48E0-96DE-B102C6069845}.Debug|Any CPU.Build.0 = Debug|Any CPU
		{2CA3D7BD-795E-48E0-96DE-B102C6069845}.Release|Any CPU.ActiveCfg = Release|Any CPU
		{2CA3D7BD-795E-48E0-96DE-B102C6069845}.Release|Any CPU.Build.0 = Release|Any CPU
		{687302AA-552D-421D-9C77-E1639B6B037D}.Debug|Any CPU.ActiveCfg = Debug|Any CPU
		{687302AA-552D-421D-9C77-E1639B6B037D}.Debug|Any CPU.Build.0 = Debug|Any CPU
		{687302AA-552D-421D-9C77-E1639B6B037D}.Release|Any CPU.ActiveCfg = Release|Any CPU
		{687302AA-552D-421D-9C77-E1639B6B037D}.Release|Any CPU.Build.0 = Release|Any CPU
		{826A7A3D-0FB2-4FD4-A60B-3F04678D334F}.Debug|Any CPU.ActiveCfg = Debug|Any CPU
		{826A7A3D-0FB2-4FD4-A60B-3F04678D334F}.Debug|Any CPU.Build.0 = Debug|Any CPU
		{826A7A3D-0FB2-4FD4-A60B-3F04678D334F}.Release|Any CPU.ActiveCfg = Release|Any CPU
		{826A7A3D-0FB2-4FD4-A60B-3F04678D334F}.Release|Any CPU.Build.0 = Release|Any CPU
		{D3F4FA77-E0ED-4798-B43A-A0493AC6F8DE}.Debug|Any CPU.ActiveCfg = Debug|Any CPU
		{D3F4FA77-E0ED-4798-B43A-A0493AC6F8DE}.Debug|Any CPU.Build.0 = Debug|Any CPU
		{D3F4FA77-E0ED-4798-B43A-A0493AC6F8DE}.Release|Any CPU.ActiveCfg = Release|Any CPU
		{D3F4FA77-E0ED-4798-B43A-A0493AC6F8DE}.Release|Any CPU.Build.0 = Release|Any CPU
	EndGlobalSection
EndGlobal
